
Microsoft Visual Studio Solution File, Format Version 12.00
# Visual Studio Version 17
VisualStudioVersion = 17.3.32819.101
MinimumVisualStudioVersion = 10.0.40219.1
Project("{FAE04EC0-301F-11D3-BF4B-00C04F79EFBC}") = "Do_an_WebAPI", "Do_an_WebAPI\Do_an_WebAPI.csproj", "{C6760853-0D61-497C-8C05-092E982B8BBC}"
EndProject
Global
	GlobalSection(SolutionConfigurationPlatforms) = preSolution
		Debug|Any CPU = Debug|Any CPU
		Release|Any CPU = Release|Any CPU
	EndGlobalSection
	GlobalSection(ProjectConfigurationPlatforms) = postSolution
		{C6760853-0D61-497C-8C05-092E982B8BBC}.Debug|Any CPU.ActiveCfg = Debug|Any CPU
		{C6760853-0D61-497C-8C05-092E982B8BBC}.Debug|Any CPU.Build.0 = Debug|Any CPU
		{C6760853-0D61-497C-8C05-092E982B8BBC}.Release|Any CPU.ActiveCfg = Release|Any CPU
		{C6760853-0D61-497C-8C05-092E982B8BBC}.Release|Any CPU.Build.0 = Release|Any CPU
	EndGlobalSection
	GlobalSection(SolutionProperties) = preSolution
		HideSolutionNode = FALSE
	EndGlobalSection
	GlobalSection(ExtensibilityGlobals) = postSolution
		SolutionGuid = {6670F007-3F97-4526-BD53-395A46E4FDD1}
	EndGlobalSection
EndGlobal
